// !$*UTF8*$!
{
	archiveVersion = 1;
	classes = {
	};
	objectVersion = 77;
	objects = {

/* Begin PBXContainerItemProxy section */
		69CAE5E22E40F7C600E6631A /* PBXContainerItemProxy */ = {
			isa = PBXContainerItemProxy;
			containerPortal = 69CAE5CC2E40F7C300E6631A /* Project object */;
			proxyType = 1;
			remoteGlobalIDString = 69CAE5D32E40F7C300E6631A;
			remoteInfo = "Bestway BetterController";
		};
		69CAE5EC2E40F7C600E6631A /* PBXContainerItemProxy */ = {
			isa = PBXContainerItemProxy;
			containerPortal = 69CAE5CC2E40F7C300E6631A /* Project object */;
			proxyType = 1;
			remoteGlobalIDString = 69CAE5D32E40F7C300E6631A;
			remoteInfo = "Bestway BetterController";
		};
/* End PBXContainerItemProxy section */

/* Begin PBXFileReference section */
		69CAE5D42E40F7C300E6631A /* Bestway BetterController.app */ = {isa = PBXFileReference; explicitFileType = wrapper.application; includeInIndex = 0; path = "Bestway BetterController.app"; sourceTree = BUILT_PRODUCTS_DIR; };
		69CAE5E12E40F7C600E6631A /* Bestway BetterControllerTests.xctest */ = {isa = PBXFileReference; explicitFileType = wrapper.cfbundle; includeInIndex = 0; path = "Bestway BetterControllerTests.xctest"; sourceTree = BUILT_PRODUCTS_DIR; };
		69CAE5EB2E40F7C600E6631A /* Bestway BetterControllerUITests.xctest */ = {isa = PBXFileReference; explicitFileType = wrapper.cfbundle; includeInIndex = 0; path = "Bestway BetterControllerUITests.xctest"; sourceTree = BUILT_PRODUCTS_DIR; };
/* End PBXFileReference section */

/* Begin PBXFileSystemSynchronizedRootGroup section */
		69CAE5D62E40F7C300E6631A /* Bestway BetterController */ = {
			isa = PBXFileSystemSynchronizedRootGroup;
			path = "Bestway BetterController";
			sourceTree = "<group>";
		};
		69CAE5E42E40F7C600E6631A /* Bestway BetterControllerTests */ = {
			isa = PBXFileSystemSynchronizedRootGroup;
			path = "Bestway BetterControllerTests";
			sourceTree = "<group>";
		};
		69CAE5EE2E40F7C600E6631A /* Bestway BetterControllerUITests */ = {
			isa = PBXFileSystemSynchronizedRootGroup;
			path = "Bestway BetterControllerUITests";
			sourceTree = "<group>";
		};
/* End PBXFileSystemSynchronizedRootGroup section */

/* Begin PBXFrameworksBuildPhase section */
		69CAE5D12E40F7C300E6631A /* Frameworks */ = {
			isa = PBXFrameworksBuildPhase;
			buildActionMask = 2147483647;
			files = (
			);
			runOnlyForDeploymentPostprocessing = 0;
		};
		69CAE5DE2E40F7C600E6631A /* Frameworks */ = {
			isa = PBXFrameworksBuildPhase;
			buildActionMask = 2147483647;
			files = (
			);
			runOnlyForDeploymentPostprocessing = 0;
		};
		69CAE5E82E40F7C600E6631A /* Frameworks */ = {
			isa = PBXFrameworksBuildPhase;
			buildActionMask = 2147483647;
			files = (
			);
			runOnlyForDeploymentPostprocessing = 0;
		};
/* End PBXFrameworksBuildPhase section */

/* Begin PBXGroup section */
		69CAE5CB2E40F7C300E6631A = {
			isa = PBXGroup;
			children = (
				69CAE5E42E40F7C600E6631A /* Bestway BetterControllerTests */,
				69CAE5EE2E40F7C600E6631A /* Bestway BetterControllerUITests */,
				69CAE5D52E40F7C300E6631A /* Products */,
				69CAE5D62E40F7C300E6631A /* Bestway BetterController */,
			);
			sourceTree = "<group>";
			usesTabs = 1;
		};
		69CAE5D52E40F7C300E6631A /* Products */ = {
			isa = PBXGroup;
			children = (
				69CAE5D42E40F7C300E6631A /* Bestway BetterController.app */,
				69CAE5E12E40F7C600E6631A /* Bestway BetterControllerTests.xctest */,
				69CAE5EB2E40F7C600E6631A /* Bestway BetterControllerUITests.xctest */,
			);
			name = Products;
			sourceTree = "<group>";
		};
/* End PBXGroup section */

/* Begin PBXNativeTarget section */
		69CAE5D32E40F7C300E6631A /* Bestway BetterController */ = {
			isa = PBXNativeTarget;
			buildConfigurationList = 69CAE5F52E40F7C600E6631A /* Build configuration list for PBXNativeTarget "Bestway BetterController" */;
			buildPhases = (
				69CAE5D02E40F7C300E6631A /* Sources */,
				69CAE5D12E40F7C300E6631A /* Frameworks */,
				69CAE5D22E40F7C300E6631A /* Resources */,
			);
			buildRules = (
			);
			dependencies = (
			);
			fileSystemSynchronizedGroups = (
				69CAE5D62E40F7C300E6631A /* Bestway BetterController */,
			);
			name = "Bestway BetterController";
			packageProductDependencies = (
			);
			productName = "Bestway BetterController";
			productReference = 69CAE5D42E40F7C300E6631A /* Bestway BetterController.app */;
			productType = "com.apple.product-type.application";
		};
		69CAE5E02E40F7C600E6631A /* Bestway BetterControllerTests */ = {
			isa = PBXNativeTarget;
			buildConfigurationList = 69CAE5F82E40F7C600E6631A /* Build configuration list for PBXNativeTarget "Bestway BetterControllerTests" */;
			buildPhases = (
				69CAE5DD2E40F7C600E6631A /* Sources */,
				69CAE5DE2E40F7C600E6631A /* Frameworks */,
				69CAE5DF2E40F7C600E6631A /* Resources */,
			);
			buildRules = (
			);
			dependencies = (
				69CAE5E32E40F7C600E6631A /* PBXTargetDependency */,
			);
			fileSystemSynchronizedGroups = (
				69CAE5E42E40F7C600E6631A /* Bestway BetterControllerTests */,
			);
			name = "Bestway BetterControllerTests";
			packageProductDependencies = (
			);
			productName = "Bestway BetterControllerTests";
			productReference = 69CAE5E12E40F7C600E6631A /* Bestway BetterControllerTests.xctest */;
			productType = "com.apple.product-type.bundle.unit-test";
		};
		69CAE5EA2E40F7C600E6631A /* Bestway BetterControllerUITests */ = {
			isa = PBXNativeTarget;
			buildConfigurationList = 69CAE5FB2E40F7C600E6631A /* Build configuration list for PBXNativeTarget "Bestway BetterControllerUITests" */;
			buildPhases = (
				69CAE5E72E40F7C600E6631A /* Sources */,
				69CAE5E82E40F7C600E6631A /* Frameworks */,
				69CAE5E92E40F7C600E6631A /* Resources */,
			);
			buildRules = (
			);
			dependencies = (
				69CAE5ED2E40F7C600E6631A /* PBXTargetDependency */,
			);
			fileSystemSynchronizedGroups = (
				69CAE5EE2E40F7C600E6631A /* Bestway BetterControllerUITests */,
			);
			name = "Bestway BetterControllerUITests";
			packageProductDependencies = (
			);
			productName = "Bestway BetterControllerUITests";
			productReference = 69CAE5EB2E40F7C600E6631A /* Bestway BetterControllerUITests.xctest */;
			productType = "com.apple.product-type.bundle.ui-testing";
		};
/* End PBXNativeTarget section */

/* Begin PBXProject section */
		69CAE5CC2E40F7C300E6631A /* Project object */ = {
			isa = PBXProject;
			attributes = {
				BuildIndependentTargetsInParallel = 1;
				LastSwiftUpdateCheck = 1640;
				LastUpgradeCheck = 1640;
				TargetAttributes = {
					69CAE5D32E40F7C300E6631A = {
						CreatedOnToolsVersion = 16.4;
					};
					69CAE5E02E40F7C600E6631A = {
						CreatedOnToolsVersion = 16.4;
						TestTargetID = 69CAE5D32E40F7C300E6631A;
					};
					69CAE5EA2E40F7C600E6631A = {
						CreatedOnToolsVersion = 16.4;
						TestTargetID = 69CAE5D32E40F7C300E6631A;
					};
				};
			};
			buildConfigurationList = 69CAE5CF2E40F7C300E6631A /* Build configuration list for PBXProject "Bestway BetterController" */;
			developmentRegion = en;
			hasScannedForEncodings = 0;
			knownRegions = (
				en,
				Base,
			);
			mainGroup = 69CAE5CB2E40F7C300E6631A;
			minimizedProjectReferenceProxies = 1;
			preferredProjectObjectVersion = 77;
			productRefGroup = 69CAE5D52E40F7C300E6631A /* Products */;
			projectDirPath = "";
			projectRoot = "";
			targets = (
				69CAE5D32E40F7C300E6631A /* Bestway BetterController */,
				69CAE5E02E40F7C600E6631A /* Bestway BetterControllerTests */,
				69CAE5EA2E40F7C600E6631A /* Bestway BetterControllerUITests */,
			);
		};
/* End PBXProject section */

/* Begin PBXResourcesBuildPhase section */
		69CAE5D22E40F7C300E6631A /* Resources */ = {
			isa = PBXResourcesBuildPhase;
			buildActionMask = 2147483647;
			files = (
			);
			runOnlyForDeploymentPostprocessing = 0;
		};
		69CAE5DF2E40F7C600E6631A /* Resources */ = {
			isa = PBXResourcesBuildPhase;
			buildActionMask = 2147483647;
			files = (
			);
			runOnlyForDeploymentPostprocessing = 0;
		};
		69CAE5E92E40F7C600E6631A /* Resources */ = {
			isa = PBXResourcesBuildPhase;
			buildActionMask = 2147483647;
			files = (
			);
			runOnlyForDeploymentPostprocessing = 0;
		};
/* End PBXResourcesBuildPhase section */

/* Begin PBXSourcesBuildPhase section */
		69CAE5D02E40F7C300E6631A /* Sources */ = {
			isa = PBXSourcesBuildPhase;
			buildActionMask = 2147483647;
			files = (
			);
			runOnlyForDeploymentPostprocessing = 0;
		};
		69CAE5DD2E40F7C600E6631A /* Sources */ = {
			isa = PBXSourcesBuildPhase;
			buildActionMask = 2147483647;
			files = (
			);
			runOnlyForDeploymentPostprocessing = 0;
		};
		69CAE5E72E40F7C600E6631A /* Sources */ = {
			isa = PBXSourcesBuildPhase;
			buildActionMask = 2147483647;
			files = (
			);
			runOnlyForDeploymentPostprocessing = 0;
		};
/* End PBXSourcesBuildPhase section */

/* Begin PBXTargetDependency section */
		69CAE5E32E40F7C600E6631A /* PBXTargetDependency */ = {
			isa = PBXTargetDependency;
			target = 69CAE5D32E40F7C300E6631A /* Bestway BetterController */;
			targetProxy = 69CAE5E22E40F7C600E6631A /* PBXContainerItemProxy */;
		};
		69CAE5ED2E40F7C600E6631A /* PBXTargetDependency */ = {
			isa = PBXTargetDependency;
			target = 69CAE5D32E40F7C300E6631A /* Bestway BetterController */;
			targetProxy = 69CAE5EC2E40F7C600E6631A /* PBXContainerItemProxy */;
		};
/* End PBXTargetDependency section */

/* Begin XCBuildConfiguration section */
		69CAE5F32E40F7C600E6631A /* Debug */ = {
			isa = XCBuildConfiguration;
			buildSettings = {
				ALWAYS_SEARCH_USER_PATHS = NO;
				ASSETCATALOG_COMPILER_GENERATE_SWIFT_ASSET_SYMBOL_EXTENSIONS = YES;
				CLANG_ANALYZER_NONNULL = YES;
				CLANG_ANALYZER_NUMBER_OBJECT_CONVERSION = YES_AGGRESSIVE;
				CLANG_CXX_LANGUAGE_STANDARD = "gnu++20";
				CLANG_ENABLE_MODULES = YES;
				CLANG_ENABLE_OBJC_ARC = YES;
				CLANG_ENABLE_OBJC_WEAK = YES;
				CLANG_WARN_BLOCK_CAPTURE_AUTORELEASING = YES;
				CLANG_WARN_BOOL_CONVERSION = YES;
				CLANG_WARN_COMMA = YES;
				CLANG_WARN_CONSTANT_CONVERSION = YES;
				CLANG_WARN_DEPRECATED_OBJC_IMPLEMENTATIONS = YES;
				CLANG_WARN_DIRECT_OBJC_ISA_USAGE = YES_ERROR;
				CLANG_WARN_DOCUMENTATION_COMMENTS = YES;
				CLANG_WARN_EMPTY_BODY = YES;
				CLANG_WARN_ENUM_CONVERSION = YES;
				CLANG_WARN_INFINITE_RECURSION = YES;
				CLANG_WARN_INT_CONVERSION = YES;
				CLANG_WARN_NON_LITERAL_NULL_CONVERSION = YES;
				CLANG_WARN_OBJC_IMPLICIT_RETAIN_SELF = YES;
				CLANG_WARN_OBJC_LITERAL_CONVERSION = YES;
				CLANG_WARN_OBJC_ROOT_CLASS = YES_ERROR;
				CLANG_WARN_QUOTED_INCLUDE_IN_FRAMEWORK_HEADER = YES;
				CLANG_WARN_RANGE_LOOP_ANALYSIS = YES;
				CLANG_WARN_STRICT_PROTOTYPES = YES;
				CLANG_WARN_SUSPICIOUS_MOVE = YES;
				CLANG_WARN_UNGUARDED_AVAILABILITY = YES_AGGRESSIVE;
				CLANG_WARN_UNREACHABLE_CODE = YES;
				CLANG_WARN__DUPLICATE_METHOD_MATCH = YES;
				COPY_PHASE_STRIP = NO;
				DEBUG_INFORMATION_FORMAT = dwarf;
				ENABLE_STRICT_OBJC_MSGSEND = YES;
				ENABLE_TESTABILITY = YES;
				ENABLE_USER_SCRIPT_SANDBOXING = YES;
				GCC_C_LANGUAGE_STANDARD = gnu17;
				GCC_DYNAMIC_NO_PIC = NO;
				GCC_NO_COMMON_BLOCKS = YES;
				GCC_OPTIMIZATION_LEVEL = 0;
				GCC_PREPROCESSOR_DEFINITIONS = (
					"DEBUG=1",
					"$(inherited)",
				);
				GCC_WARN_64_TO_32_BIT_CONVERSION = YES;
				GCC_WARN_ABOUT_RETURN_TYPE = YES_ERROR;
				GCC_WARN_UNDECLARED_SELECTOR = YES;
				GCC_WARN_UNINITIALIZED_AUTOS = YES_AGGRESSIVE;
				GCC_WARN_UNUSED_FUNCTION = YES;
				GCC_WARN_UNUSED_VARIABLE = YES;
				IPHONEOS_DEPLOYMENT_TARGET = 18.5;
				LOCALIZATION_PREFERS_STRING_CATALOGS = YES;
				MTL_ENABLE_DEBUG_INFO = INCLUDE_SOURCE;
				MTL_FAST_MATH = YES;
				ONLY_ACTIVE_ARCH = YES;
				SDKROOT = iphoneos;
				SWIFT_ACTIVE_COMPILATION_CONDITIONS = "DEBUG $(inherited)";
				SWIFT_OPTIMIZATION_LEVEL = "-Onone";
			};
			name = Debug;
		};
		69CAE5F42E40F7C600E6631A /* Release */ = {
			isa = XCBuildConfiguration;
			buildSettings = {
				ALWAYS_SEARCH_USER_PATHS = NO;
				ASSETCATALOG_COMPILER_GENERATE_SWIFT_ASSET_SYMBOL_EXTENSIONS = YES;
				CLANG_ANALYZER_NONNULL = YES;
				CLANG_ANALYZER_NUMBER_OBJECT_CONVERSION = YES_AGGRESSIVE;
				CLANG_CXX_LANGUAGE_STANDARD = "gnu++20";
				CLANG_ENABLE_MODULES = YES;
				CLANG_ENABLE_OBJC_ARC = YES;
				CLANG_ENABLE_OBJC_WEAK = YES;
				CLANG_WARN_BLOCK_CAPTURE_AUTORELEASING = YES;
				CLANG_WARN_BOOL_CONVERSION = YES;
				CLANG_WARN_COMMA = YES;
				CLANG_WARN_CONSTANT_CONVERSION = YES;
				CLANG_WARN_DEPRECATED_OBJC_IMPLEMENTATIONS = YES;
				CLANG_WARN_DIRECT_OBJC_ISA_USAGE = YES_ERROR;
				CLANG_WARN_DOCUMENTATION_COMMENTS = YES;
				CLANG_WARN_EMPTY_BODY = YES;
				CLANG_WARN_ENUM_CONVERSION = YES;
				CLANG_WARN_INFINITE_RECURSION = YES;
				CLANG_WARN_INT_CONVERSION = YES;
				CLANG_WARN_NON_LITERAL_NULL_CONVERSION = YES;
				CLANG_WARN_OBJC_IMPLICIT_RETAIN_SELF = YES;
				CLANG_WARN_OBJC_LITERAL_CONVERSION = YES;
				CLANG_WARN_OBJC_ROOT_CLASS = YES_ERROR;
				CLANG_WARN_QUOTED_INCLUDE_IN_FRAMEWORK_HEADER = YES;
				CLANG_WARN_RANGE_LOOP_ANALYSIS = YES;
				CLANG_WARN_STRICT_PROTOTYPES = YES;
				CLANG_WARN_SUSPICIOUS_MOVE = YES;
				CLANG_WARN_UNGUARDED_AVAILABILITY = YES_AGGRESSIVE;
				CLANG_WARN_UNREACHABLE_CODE = YES;
				CLANG_WARN__DUPLICATE_METHOD_MATCH = YES;
				COPY_PHASE_STRIP = NO;
				DEBUG_INFORMATION_FORMAT = "dwarf-with-dsym";
				ENABLE_NS_ASSERTIONS = NO;
				ENABLE_STRICT_OBJC_MSGSEND = YES;
				ENABLE_USER_SCRIPT_SANDBOXING = YES;
				GCC_C_LANGUAGE_STANDARD = gnu17;
				GCC_NO_COMMON_BLOCKS = YES;
				GCC_WARN_64_TO_32_BIT_CONVERSION = YES;
				GCC_WARN_ABOUT_RETURN_TYPE = YES_ERROR;
				GCC_WARN_UNDECLARED_SELECTOR = YES;
				GCC_WARN_UNINITIALIZED_AUTOS = YES_AGGRESSIVE;
				GCC_WARN_UNUSED_FUNCTION = YES;
				GCC_WARN_UNUSED_VARIABLE = YES;
				IPHONEOS_DEPLOYMENT_TARGET = 18.5;
				LOCALIZATION_PREFERS_STRING_CATALOGS = YES;
				MTL_ENABLE_DEBUG_INFO = NO;
				MTL_FAST_MATH = YES;
				SDKROOT = iphoneos;
				SWIFT_COMPILATION_MODE = wholemodule;
				VALIDATE_PRODUCT = YES;
			};
			name = Release;
		};
		69CAE5F62E40F7C600E6631A /* Debug */ = {
			isa = XCBuildConfiguration;
			buildSettings = {
				ASSETCATALOG_COMPILER_APPICON_NAME = AppIcon;
				ASSETCATALOG_COMPILER_GLOBAL_ACCENT_COLOR_NAME = AccentColor;
				CODE_SIGN_ENTITLEMENTS = "Bestway BetterController/Bestway BetterController.entitlements";
				CODE_SIGN_STYLE = Automatic;
				CURRENT_PROJECT_VERSION = 1;
				DEVELOPMENT_TEAM = UZYH9NXH72;
				ENABLE_PREVIEWS = YES;
				GENERATE_INFOPLIST_FILE = YES;
				INFOPLIST_KEY_UIApplicationSceneManifest_Generation = YES;
				INFOPLIST_KEY_UIApplicationSupportsIndirectInputEvents = YES;
				INFOPLIST_KEY_UILaunchScreen_Generation = YES;
				INFOPLIST_KEY_UISupportedInterfaceOrientations_iPad = "UIInterfaceOrientationPortrait UIInterfaceOrientationPortraitUpsideDown UIInterfaceOrientationLandscapeLeft UIInterfaceOrientationLandscapeRight";
				INFOPLIST_KEY_UISupportedInterfaceOrientations_iPhone = "UIInterfaceOrientationPortrait UIInterfaceOrientationLandscapeLeft UIInterfaceOrientationLandscapeRight";
				LD_RUNPATH_SEARCH_PATHS = (
					"$(inherited)",
					"@executable_path/Frameworks",
				);
				MARKETING_VERSION = 1.0;
				PRODUCT_BUNDLE_IDENTIFIER = Miszka.BestwayBC;
				PRODUCT_NAME = "$(TARGET_NAME)";
				SWIFT_EMIT_LOC_STRINGS = YES;
				SWIFT_VERSION = 5.0;
				TARGETED_DEVICE_FAMILY = "1,2";
			};
			name = Debug;
		};
		69CAE5F72E40F7C600E6631A /* Release */ = {
			isa = XCBuildConfiguration;
			buildSettings = {
				ASSETCATALOG_COMPILER_APPICON_NAME = AppIcon;
				ASSETCATALOG_COMPILER_GLOBAL_ACCENT_COLOR_NAME = AccentColor;
				CODE_SIGN_ENTITLEMENTS = "Bestway BetterController/Bestway BetterController.entitlements";
				CODE_SIGN_STYLE = Automatic;
				CURRENT_PROJECT_VERSION = 1;
				DEVELOPMENT_TEAM = UZYH9NXH72;
				ENABLE_PREVIEWS = YES;
				GENERATE_INFOPLIST_FILE = YES;
				INFOPLIST_KEY_UIApplicationSceneManifest_Generation = YES;
				INFOPLIST_KEY_UIApplicationSupportsIndirectInputEvents = YES;
				INFOPLIST_KEY_UILaunchScreen_Generation = YES;
				INFOPLIST_KEY_UISupportedInterfaceOrientations_iPad = "UIInterfaceOrientationPortrait UIInterfaceOrientationPortraitUpsideDown UIInterfaceOrientationLandscapeLeft UIInterfaceOrientationLandscapeRight";
				INFOPLIST_KEY_UISupportedInterfaceOrientations_iPhone = "UIInterfaceOrientationPortrait UIInterfaceOrientationLandscapeLeft UIInterfaceOrientationLandscapeRight";
				LD_RUNPATH_SEARCH_PATHS = (
					"$(inherited)",
					"@executable_path/Frameworks",
				);
				MARKETING_VERSION = 1.0;
				PRODUCT_BUNDLE_IDENTIFIER = Miszka.BestwayBC;
				PRODUCT_NAME = "$(TARGET_NAME)";
				SWIFT_EMIT_LOC_STRINGS = YES;
				SWIFT_VERSION = 5.0;
				TARGETED_DEVICE_FAMILY = "1,2";
			};
			name = Release;
		};
		69CAE5F92E40F7C600E6631A /* Debug */ = {
			isa = XCBuildConfiguration;
			buildSettings = {
				BUNDLE_LOADER = "$(TEST_HOST)";
				"CODE_SIGN_IDENTITY[sdk=macosx*]" = "-";
				CODE_SIGN_STYLE = Automatic;
				CURRENT_PROJECT_VERSION = 1;
				DEVELOPMENT_TEAM = UZYH9NXH72;
				GENERATE_INFOPLIST_FILE = YES;
				IPHONEOS_DEPLOYMENT_TARGET = 18.5;
				MARKETING_VERSION = 1.0;
				PRODUCT_BUNDLE_IDENTIFIER = "Miszka.Bestway-BetterControllerTests";
				PRODUCT_NAME = "$(TARGET_NAME)";
				SWIFT_EMIT_LOC_STRINGS = NO;
				SWIFT_VERSION = 5.0;
				TARGETED_DEVICE_FAMILY = "1,2";
				TEST_HOST = "$(BUILT_PRODUCTS_DIR)/Bestway BetterController.app/$(BUNDLE_EXECUTABLE_FOLDER_PATH)/Bestway BetterController";
			};
			name = Debug;
		};
		69CAE5FA2E40F7C600E6631A /* Release */ = {
			isa = XCBuildConfiguration;
			buildSettings = {
				BUNDLE_LOADER = "$(TEST_HOST)";
				"CODE_SIGN_IDENTITY[sdk=macosx*]" = "-";
				CODE_SIGN_STYLE = Automatic;
				CURRENT_PROJECT_VERSION = 1;
				DEVELOPMENT_TEAM = UZYH9NXH72;
				GENERATE_INFOPLIST_FILE = YES;
				IPHONEOS_DEPLOYMENT_TARGET = 18.5;
				MARKETING_VERSION = 1.0;
				PRODUCT_BUNDLE_IDENTIFIER = "Miszka.Bestway-BetterControllerTests";
				PRODUCT_NAME = "$(TARGET_NAME)";
				SWIFT_EMIT_LOC_STRINGS = NO;
				SWIFT_VERSION = 5.0;
				TARGETED_DEVICE_FAMILY = "1,2";
				TEST_HOST = "$(BUILT_PRODUCTS_DIR)/Bestway BetterController.app/$(BUNDLE_EXECUTABLE_FOLDER_PATH)/Bestway BetterController";
			};
			name = Release;
		};
		69CAE5FC2E40F7C600E6631A /* Debug */ = {
			isa = XCBuildConfiguration;
			buildSettings = {
				CODE_SIGN_STYLE = Automatic;
				CURRENT_PROJECT_VERSION = 1;
				DEVELOPMENT_TEAM = UZYH9NXH72;
				GENERATE_INFOPLIST_FILE = YES;
				MARKETING_VERSION = 1.0;
				PRODUCT_BUNDLE_IDENTIFIER = "Miszka.Bestway-BetterControllerUITests";
				PRODUCT_NAME = "$(TARGET_NAME)";
				SWIFT_EMIT_LOC_STRINGS = NO;
				SWIFT_VERSION = 5.0;
				TARGETED_DEVICE_FAMILY = "1,2";
				TEST_TARGET_NAME = "Bestway BetterController";
			};
			name = Debug;
		};
		69CAE5FD2E40F7C600E6631A /* Release */ = {
			isa = XCBuildConfiguration;
			buildSettings = {
				CODE_SIGN_STYLE = Automatic;
				CURRENT_PROJECT_VERSION = 1;
				DEVELOPMENT_TEAM = UZYH9NXH72;
				GENERATE_INFOPLIST_FILE = YES;
				MARKETING_VERSION = 1.0;
				PRODUCT_BUNDLE_IDENTIFIER = "Miszka.Bestway-BetterControllerUITests";
				PRODUCT_NAME = "$(TARGET_NAME)";
				SWIFT_EMIT_LOC_STRINGS = NO;
				SWIFT_VERSION = 5.0;
				TARGETED_DEVICE_FAMILY = "1,2";
				TEST_TARGET_NAME = "Bestway BetterController";
			};
			name = Release;
		};
/* End XCBuildConfiguration section */

/* Begin XCConfigurationList section */
		69CAE5CF2E40F7C300E6631A /* Build configuration list for PBXProject "Bestway BetterController" */ = {
			isa = XCConfigurationList;
			buildConfigurations = (
				69CAE5F32E40F7C600E6631A /* Debug */,
				69CAE5F42E40F7C600E6631A /* Release */,
			);
			defaultConfigurationIsVisible = 0;
			defaultConfigurationName = Release;
		};
		69CAE5F52E40F7C600E6631A /* Build configuration list for PBXNativeTarget "Bestway BetterController" */ = {
			isa = XCConfigurationList;
			buildConfigurations = (
				69CAE5F62E40F7C600E6631A /* Debug */,
				69CAE5F72E40F7C600E6631A /* Release */,
			);
			defaultConfigurationIsVisible = 0;
			defaultConfigurationName = Release;
		};
		69CAE5F82E40F7C600E6631A /* Build configuration list for PBXNativeTarget "Bestway BetterControllerTests" */ = {
			isa = XCConfigurationList;
			buildConfigurations = (
				69CAE5F92E40F7C600E6631A /* Debug */,
				69CAE5FA2E40F7C600E6631A /* Release */,
			);
			defaultConfigurationIsVisible = 0;
			defaultConfigurationName = Release;
		};
		69CAE5FB2E40F7C600E6631A /* Build configuration list for PBXNativeTarget "Bestway BetterControllerUITests" */ = {
			isa = XCConfigurationList;
			buildConfigurations = (
				69CAE5FC2E40F7C600E6631A /* Debug */,
				69CAE5FD2E40F7C600E6631A /* Release */,
			);
			defaultConfigurationIsVisible = 0;
			defaultConfigurationName = Release;
		};
/* End XCConfigurationList section */
	};
	rootObject = 69CAE5CC2E40F7C300E6631A /* Project object */;
}
